
Microsoft Visual Studio Solution File, Format Version 11.00
# Visual Studio 2010
Project("{FAE04EC0-301F-11D3-BF4B-00C04F79EFBC}") = "PlayNarendra", "Picture_Swap\PlayNarendra.csproj", "{1E207AF2-33C8-4CB4-ABEA-655D5C61A522}"
EndProject
Project("{54435603-DBB4-11D2-8724-00A0C9A8B90C}") = "PlayNa", "Game\Game.vdproj", "{416ABBA5-9C1A-44AC-94E0-969142EDE282}"
EndProject
Global
	GlobalSection(SolutionConfigurationPlatforms) = preSolution
		Debug|x86 = Debug|x86
		Release|x86 = Release|x86
	EndGlobalSection
	GlobalSection(ProjectConfigurationPlatforms) = postSolution
		{1E207AF2-33C8-4CB4-ABEA-655D5C61A522}.Debug|x86.ActiveCfg = Debug|x86
		{1E207AF2-33C8-4CB4-ABEA-655D5C61A522}.Debug|x86.Build.0 = Debug|x86
		{1E207AF2-33C8-4CB4-ABEA-655D5C61A522}.Release|x86.ActiveCfg = Release|x86
		{1E207AF2-33C8-4CB4-ABEA-655D5C61A522}.Release|x86.Build.0 = Release|x86
		{416ABBA5-9C1A-44AC-94E0-969142EDE282}.Debug|x86.ActiveCfg = Debug
		{416ABBA5-9C1A-44AC-94E0-969142EDE282}.Release|x86.ActiveCfg = Release
	EndGlobalSection
	GlobalSection(SolutionProperties) = preSolution
		HideSolutionNode = FALSE
	EndGlobalSection
EndGlobal
